
Microsoft Visual Studio Solution File, Format Version 12.00
# Visual Studio 15
VisualStudioVersion = 15.0.28307.329
MinimumVisualStudioVersion = 10.0.40219.1
Project("{8BC9CEB8-8B4A-11D0-8D11-00A0C91BC942}") = "mod", "mod\mod.vcxproj", "{892CBEAF-14D2-43F7-BA11-F9DAC8C08C8A}"
EndProject
Global
	GlobalSection(SolutionConfigurationPlatforms) = preSolution
		Debug|x64 = Debug|x64
		Debug|x86 = Debug|x86
		Release|x64 = Release|x64
		Release|x86 = Release|x86
	EndGlobalSection
	GlobalSection(ProjectConfigurationPlatforms) = postSolution
		{892CBEAF-14D2-43F7-BA11-F9DAC8C08C8A}.Debug|x64.ActiveCfg = Debug|x64
		{892CBEAF-14D2-43F7-BA11-F9DAC8C08C8A}.Debug|x64.Build.0 = Debug|x64
		{892CBEAF-14D2-43F7-BA11-F9DAC8C08C8A}.Debug|x86.ActiveCfg = Debug|Win32
		{892CBEAF-14D2-43F7-BA11-F9DAC8C08C8A}.Debug|x86.Build.0 = Debug|Win32
		{892CBEAF-14D2-43F7-BA11-F9DAC8C08C8A}.Release|x64.ActiveCfg = Release|x64
		{892CBEAF-14D2-43F7-BA11-F9DAC8C08C8A}.Release|x64.Build.0 = Release|x64
		{892CBEAF-14D2-43F7-BA11-F9DAC8C08C8A}.Release|x86.ActiveCfg = Release|Win32
		{892CBEAF-14D2-43F7-BA11-F9DAC8C08C8A}.Release|x86.Build.0 = Release|Win32
	EndGlobalSection
	GlobalSection(SolutionProperties) = preSolution
		HideSolutionNode = FALSE
	EndGlobalSection
	GlobalSection(ExtensibilityGlobals) = postSolution
		SolutionGuid = {AE10C488-CC8C-41BC-82BA-D1E4DEA62300}
	EndGlobalSection
EndGlobal
